# generated by rye
# use `rye lock` or `rye sync` to update this lockfile
#
# last locked with the following flags:
#   pre: false
#   features: []
#   all-features: true
#   with-sources: false
#   generate-hashes: false
#   universal: false

-e file:.
attrs==25.3.0
    # via scantree
certifi==2025.4.26
    # via requests
charset-normalizer==3.4.2
    # via requests
dirhash==0.5.0
    # via diff-tool
gitdb==4.0.12
    # via gitpython
gitpython==3.1.44
    # via diff-tool
idna==3.10
    # via requests
iniconfig==2.1.0
    # via pytest
numpy==2.2.6
    # via pandas
    # via pandas-stubs
packaging==25.0
    # via pytest
pandas==2.3.0
    # via diff-tool
pandas-stubs==2.2.3.250527
    # via diff-tool
pathspec==0.12.1
    # via scantree
pluggy==1.6.0
    # via pytest
pygments==2.19.1
    # via pytest
pytest==8.4.0
    # via diff-tool
    # via pytest-mock
pytest-mock==3.14.1
    # via diff-tool
python-dateutil==2.9.0.post0
    # via pandas
pytz==2025.2
    # via pandas
pyyaml==6.0.2
    # via diff-tool
requests==2.32.3
    # via diff-tool
ruff==0.11.13
    # via diff-tool
scantree==0.0.4
    # via dirhash
six==1.17.0
    # via python-dateutil
smmap==5.0.2
    # via gitdb
tabulate==0.9.0
    # via diff-tool
tqdm==4.67.1
    # via diff-tool
types-pytz==2025.2.0.20250516
    # via pandas-stubs
types-pyyaml==6.0.12.20250516
    # via diff-tool
types-requests==2.32.0.20250602
    # via diff-tool
    # via types-tqdm
types-tqdm==4.67.0.20250516
    # via diff-tool
tzdata==2025.2
    # via pandas
urllib3==2.4.0
    # via requests
    # via types-requests
